
Microsoft Visual Studio Solution File, Format Version 12.00
# Visual Studio 2012
Project("{FAE04EC0-301F-11D3-BF4B-00C04F79EFBC}") = "SsisPackageReader", "SsisPackageReader\SsisPackageReader.csproj", "{D2B5CA24-4594-4084-8291-29D6048E1927}"
EndProject
Global
	GlobalSection(SolutionConfigurationPlatforms) = preSolution
		Debug|Any CPU = Debug|Any CPU
		Release|Any CPU = Release|Any CPU
	EndGlobalSection
	GlobalSection(ProjectConfigurationPlatforms) = postSolution
		{D2B5CA24-4594-4084-8291-29D6048E1927}.Debug|Any CPU.ActiveCfg = Debug|Any CPU
		{D2B5CA24-4594-4084-8291-29D6048E1927}.Debug|Any CPU.Build.0 = Debug|Any CPU
		{D2B5CA24-4594-4084-8291-29D6048E1927}.Release|Any CPU.ActiveCfg = Release|Any CPU
		{D2B5CA24-4594-4084-8291-29D6048E1927}.Release|Any CPU.Build.0 = Release|Any CPU
	EndGlobalSection
	GlobalSection(SolutionProperties) = preSolution
		HideSolutionNode = FALSE
	EndGlobalSection
EndGlobal
